
Microsoft Visual Studio Solution File, Format Version 12.00
# Visual Studio Version 17
VisualStudioVersion = 17.0.31912.275
MinimumVisualStudioVersion = 10.0.40219.1
Project("{FAE04EC0-301F-11D3-BF4B-00C04F79EFBC}") = "DemirBas", "DemirBas\DemirBas.csproj", "{24ACDE1F-C523-4B73-A20F-CF8C4317B838}"
EndProject
Global
	GlobalSection(SolutionConfigurationPlatforms) = preSolution
		Debug|Any CPU = Debug|Any CPU
		Release|Any CPU = Release|Any CPU
	EndGlobalSection
	GlobalSection(ProjectConfigurationPlatforms) = postSolution
		{24ACDE1F-C523-4B73-A20F-CF8C4317B838}.Debug|Any CPU.ActiveCfg = Debug|Any CPU
		{24ACDE1F-C523-4B73-A20F-CF8C4317B838}.Debug|Any CPU.Build.0 = Debug|Any CPU
		{24ACDE1F-C523-4B73-A20F-CF8C4317B838}.Release|Any CPU.ActiveCfg = Release|Any CPU
		{24ACDE1F-C523-4B73-A20F-CF8C4317B838}.Release|Any CPU.Build.0 = Release|Any CPU
	EndGlobalSection
	GlobalSection(SolutionProperties) = preSolution
		HideSolutionNode = FALSE
	EndGlobalSection
	GlobalSection(ExtensibilityGlobals) = postSolution
		SolutionGuid = {E324DB2B-F1E9-49C7-994C-B1102A93E5FF}
	EndGlobalSection
EndGlobal
